
Microsoft Visual Studio Solution File, Format Version 12.00
# Visual Studio Version 17
VisualStudioVersion = 17.5.002.0
MinimumVisualStudioVersion = 10.0.40219.1
Project("{9A19103F-16F7-4668-BE54-9A1E7A4F7556}") = "C#", "C#\C#.csproj", "{02B3C17A-3354-4575-8077-59542C0E06AF}"
EndProject
Global
	GlobalSection(SolutionConfigurationPlatforms) = preSolution
		Debug|Any CPU = Debug|Any CPU
		Release|Any CPU = Release|Any CPU
	EndGlobalSection
	GlobalSection(ProjectConfigurationPlatforms) = postSolution
		{02B3C17A-3354-4575-8077-59542C0E06AF}.Debug|Any CPU.ActiveCfg = Debug|Any CPU
		{02B3C17A-3354-4575-8077-59542C0E06AF}.Debug|Any CPU.Build.0 = Debug|Any CPU
		{02B3C17A-3354-4575-8077-59542C0E06AF}.Release|Any CPU.ActiveCfg = Release|Any CPU
		{02B3C17A-3354-4575-8077-59542C0E06AF}.Release|Any CPU.Build.0 = Release|Any CPU
	EndGlobalSection
	GlobalSection(SolutionProperties) = preSolution
		HideSolutionNode = FALSE
	EndGlobalSection
	GlobalSection(ExtensibilityGlobals) = postSolution
		SolutionGuid = {4101A72C-CC53-4325-AAA8-C3C03E7DD2B9}
	EndGlobalSection
EndGlobal
